// !$*UTF8*$!
{
	archiveVersion = 1;
	classes = {
	};
	objectVersion = 56;
	objects = {

/* Begin PBXBuildFile section */
		AF7E1EF62C458EBB00F3A3F5 /* AppDelegate.swift in Sources */ = {isa = PBXBuildFile; fileRef = AF7E1EF52C458EBB00F3A3F5 /* AppDelegate.swift */; };
		AF7E1EF82C458EBB00F3A3F5 /* SceneDelegate.swift in Sources */ = {isa = PBXBuildFile; fileRef = AF7E1EF72C458EBB00F3A3F5 /* SceneDelegate.swift */; };
		AF7E1EFF2C458EBD00F3A3F5 /* Assets.xcassets in Resources */ = {isa = PBXBuildFile; fileRef = AF7E1EFE2C458EBD00F3A3F5 /* Assets.xcassets */; };
		AF7E1F022C458EBD00F3A3F5 /* Base in Resources */ = {isa = PBXBuildFile; fileRef = AF7E1F012C458EBD00F3A3F5 /* Base */; };
		AF7E1F0A2C4623A200F3A3F5 /* SearchVC.swift in Sources */ = {isa = PBXBuildFile; fileRef = AF7E1F092C4623A200F3A3F5 /* SearchVC.swift */; };
		AF7E1F0C2C4623C600F3A3F5 /* FavoriteListVC.swift in Sources */ = {isa = PBXBuildFile; fileRef = AF7E1F0B2C4623C600F3A3F5 /* FavoriteListVC.swift */; };
		AF7E1F0E2C46CA8400F3A3F5 /* GFButton.swift in Sources */ = {isa = PBXBuildFile; fileRef = AF7E1F0D2C46CA8400F3A3F5 /* GFButton.swift */; };
		AF7E1F102C46CD2E00F3A3F5 /* GFTextField.swift in Sources */ = {isa = PBXBuildFile; fileRef = AF7E1F0F2C46CD2E00F3A3F5 /* GFTextField.swift */; };
		AF7E1F122C46DDED00F3A3F5 /* FollowerListVC.swift in Sources */ = {isa = PBXBuildFile; fileRef = AF7E1F112C46DDED00F3A3F5 /* FollowerListVC.swift */; };
		AF7E1F142C480C3400F3A3F5 /* GFTitleLabel.swift in Sources */ = {isa = PBXBuildFile; fileRef = AF7E1F132C480C3400F3A3F5 /* GFTitleLabel.swift */; };
		AF7E1F162C480D8100F3A3F5 /* GFBodyLabel.swift in Sources */ = {isa = PBXBuildFile; fileRef = AF7E1F152C480D8100F3A3F5 /* GFBodyLabel.swift */; };
		AF7E1F182C480E7200F3A3F5 /* GFAlertViewController.swift in Sources */ = {isa = PBXBuildFile; fileRef = AF7E1F172C480E7200F3A3F5 /* GFAlertViewController.swift */; };
		AF7E1F1C2C48148100F3A3F5 /* UIViewController+Ext.swift in Sources */ = {isa = PBXBuildFile; fileRef = AF7E1F1B2C48148100F3A3F5 /* UIViewController+Ext.swift */; };
		AF7E1F242C481F2200F3A3F5 /* Follower.swift in Sources */ = {isa = PBXBuildFile; fileRef = AF7E1F232C481F2200F3A3F5 /* Follower.swift */; };
		AF7E1F262C481FE200F3A3F5 /* User.swift in Sources */ = {isa = PBXBuildFile; fileRef = AF7E1F252C481FE200F3A3F5 /* User.swift */; };
		AF7E1F292C48241C00F3A3F5 /* NetworkManager.swift in Sources */ = {isa = PBXBuildFile; fileRef = AF7E1F282C48241C00F3A3F5 /* NetworkManager.swift */; };
		AF7E1F2E2C48392700F3A3F5 /* Configuration.swift in Sources */ = {isa = PBXBuildFile; fileRef = AF7E1F2D2C48392700F3A3F5 /* Configuration.swift */; };
/* End PBXBuildFile section */

/* Begin PBXFileReference section */
		AF7E1EF22C458EBB00F3A3F5 /* GHFollowers.app */ = {isa = PBXFileReference; explicitFileType = wrapper.application; includeInIndex = 0; path = GHFollowers.app; sourceTree = BUILT_PRODUCTS_DIR; };
		AF7E1EF52C458EBB00F3A3F5 /* AppDelegate.swift */ = {isa = PBXFileReference; lastKnownFileType = sourcecode.swift; path = AppDelegate.swift; sourceTree = "<group>"; };
		AF7E1EF72C458EBB00F3A3F5 /* SceneDelegate.swift */ = {isa = PBXFileReference; lastKnownFileType = sourcecode.swift; path = SceneDelegate.swift; sourceTree = "<group>"; };
		AF7E1EFE2C458EBD00F3A3F5 /* Assets.xcassets */ = {isa = PBXFileReference; lastKnownFileType = folder.assetcatalog; path = Assets.xcassets; sourceTree = "<group>"; };
		AF7E1F012C458EBD00F3A3F5 /* Base */ = {isa = PBXFileReference; lastKnownFileType = file.storyboard; name = Base; path = Base.lproj/LaunchScreen.storyboard; sourceTree = "<group>"; };
		AF7E1F032C458EBD00F3A3F5 /* Info.plist */ = {isa = PBXFileReference; lastKnownFileType = text.plist.xml; path = Info.plist; sourceTree = "<group>"; };
		AF7E1F092C4623A200F3A3F5 /* SearchVC.swift */ = {isa = PBXFileReference; lastKnownFileType = sourcecode.swift; path = SearchVC.swift; sourceTree = "<group>"; };
		AF7E1F0B2C4623C600F3A3F5 /* FavoriteListVC.swift */ = {isa = PBXFileReference; lastKnownFileType = sourcecode.swift; path = FavoriteListVC.swift; sourceTree = "<group>"; };
		AF7E1F0D2C46CA8400F3A3F5 /* GFButton.swift */ = {isa = PBXFileReference; lastKnownFileType = sourcecode.swift; path = GFButton.swift; sourceTree = "<group>"; };
		AF7E1F0F2C46CD2E00F3A3F5 /* GFTextField.swift */ = {isa = PBXFileReference; lastKnownFileType = sourcecode.swift; path = GFTextField.swift; sourceTree = "<group>"; };
		AF7E1F112C46DDED00F3A3F5 /* FollowerListVC.swift */ = {isa = PBXFileReference; lastKnownFileType = sourcecode.swift; path = FollowerListVC.swift; sourceTree = "<group>"; };
		AF7E1F132C480C3400F3A3F5 /* GFTitleLabel.swift */ = {isa = PBXFileReference; lastKnownFileType = sourcecode.swift; path = GFTitleLabel.swift; sourceTree = "<group>"; };
		AF7E1F152C480D8100F3A3F5 /* GFBodyLabel.swift */ = {isa = PBXFileReference; lastKnownFileType = sourcecode.swift; path = GFBodyLabel.swift; sourceTree = "<group>"; };
		AF7E1F172C480E7200F3A3F5 /* GFAlertViewController.swift */ = {isa = PBXFileReference; lastKnownFileType = sourcecode.swift; path = GFAlertViewController.swift; sourceTree = "<group>"; };
		AF7E1F1B2C48148100F3A3F5 /* UIViewController+Ext.swift */ = {isa = PBXFileReference; lastKnownFileType = sourcecode.swift; path = "UIViewController+Ext.swift"; sourceTree = "<group>"; };
		AF7E1F232C481F2200F3A3F5 /* Follower.swift */ = {isa = PBXFileReference; lastKnownFileType = sourcecode.swift; path = Follower.swift; sourceTree = "<group>"; };
		AF7E1F252C481FE200F3A3F5 /* User.swift */ = {isa = PBXFileReference; lastKnownFileType = sourcecode.swift; path = User.swift; sourceTree = "<group>"; };
		AF7E1F282C48241C00F3A3F5 /* NetworkManager.swift */ = {isa = PBXFileReference; lastKnownFileType = sourcecode.swift; path = NetworkManager.swift; sourceTree = "<group>"; };
		AF7E1F2C2C48383E00F3A3F5 /* Config.xcconfig */ = {isa = PBXFileReference; lastKnownFileType = text.xcconfig; path = Config.xcconfig; sourceTree = "<group>"; };
		AF7E1F2D2C48392700F3A3F5 /* Configuration.swift */ = {isa = PBXFileReference; lastKnownFileType = sourcecode.swift; path = Configuration.swift; sourceTree = "<group>"; };
/* End PBXFileReference section */

/* Begin PBXFrameworksBuildPhase section */
		AF7E1EEF2C458EBB00F3A3F5 /* Frameworks */ = {
			isa = PBXFrameworksBuildPhase;
			buildActionMask = 2147483647;
			files = (
			);
			runOnlyForDeploymentPostprocessing = 0;
		};
/* End PBXFrameworksBuildPhase section */

/* Begin PBXGroup section */
		AF7E1EE92C458EBB00F3A3F5 = {
			isa = PBXGroup;
			children = (
				AF7E1F2C2C48383E00F3A3F5 /* Config.xcconfig */,
				AF7E1EF42C458EBB00F3A3F5 /* GHFollowers */,
				AF7E1EF32C458EBB00F3A3F5 /* Products */,
			);
			sourceTree = "<group>";
		};
		AF7E1EF32C458EBB00F3A3F5 /* Products */ = {
			isa = PBXGroup;
			children = (
				AF7E1EF22C458EBB00F3A3F5 /* GHFollowers.app */,
			);
			name = Products;
			sourceTree = "<group>";
		};
		AF7E1EF42C458EBB00F3A3F5 /* GHFollowers */ = {
			isa = PBXGroup;
			children = (
				AF7E1F1F2C48177900F3A3F5 /* Custom Views */,
				AF7E1F202C4817B900F3A3F5 /* Extension */,
				AF7E1F032C458EBD00F3A3F5 /* Info.plist */,
				AF7E1F272C48240300F3A3F5 /* Managers */,
				AF7E1F222C481EFF00F3A3F5 /* Model */,
				AF7E1F1E2C48172B00F3A3F5 /* Screens */,
				AF7E1F212C48182100F3A3F5 /* Support */,
			);
			path = GHFollowers;
			sourceTree = "<group>";
		};
		AF7E1F1E2C48172B00F3A3F5 /* Screens */ = {
			isa = PBXGroup;
			children = (
				AF7E1F0B2C4623C600F3A3F5 /* FavoriteListVC.swift */,
				AF7E1F112C46DDED00F3A3F5 /* FollowerListVC.swift */,
				AF7E1F092C4623A200F3A3F5 /* SearchVC.swift */,
			);
			path = Screens;
			sourceTree = "<group>";
		};
		AF7E1F1F2C48177900F3A3F5 /* Custom Views */ = {
			isa = PBXGroup;
			children = (
				AF7E1F172C480E7200F3A3F5 /* GFAlertViewController.swift */,
				AF7E1F152C480D8100F3A3F5 /* GFBodyLabel.swift */,
				AF7E1F0D2C46CA8400F3A3F5 /* GFButton.swift */,
				AF7E1F0F2C46CD2E00F3A3F5 /* GFTextField.swift */,
				AF7E1F132C480C3400F3A3F5 /* GFTitleLabel.swift */,
			);
			path = "Custom Views";
			sourceTree = "<group>";
		};
		AF7E1F202C4817B900F3A3F5 /* Extension */ = {
			isa = PBXGroup;
			children = (
				AF7E1F1B2C48148100F3A3F5 /* UIViewController+Ext.swift */,
			);
			path = Extension;
			sourceTree = "<group>";
		};
		AF7E1F212C48182100F3A3F5 /* Support */ = {
			isa = PBXGroup;
			children = (
				AF7E1EF52C458EBB00F3A3F5 /* AppDelegate.swift */,
				AF7E1EFE2C458EBD00F3A3F5 /* Assets.xcassets */,
				AF7E1F2D2C48392700F3A3F5 /* Configuration.swift */,
				AF7E1F002C458EBD00F3A3F5 /* LaunchScreen.storyboard */,
				AF7E1EF72C458EBB00F3A3F5 /* SceneDelegate.swift */,
			);
			path = Support;
			sourceTree = "<group>";
		};
		AF7E1F222C481EFF00F3A3F5 /* Model */ = {
			isa = PBXGroup;
			children = (
				AF7E1F232C481F2200F3A3F5 /* Follower.swift */,
				AF7E1F252C481FE200F3A3F5 /* User.swift */,
			);
			path = Model;
			sourceTree = "<group>";
		};
		AF7E1F272C48240300F3A3F5 /* Managers */ = {
			isa = PBXGroup;
			children = (
				AF7E1F282C48241C00F3A3F5 /* NetworkManager.swift */,
			);
			path = Managers;
			sourceTree = "<group>";
		};
/* End PBXGroup section */

/* Begin PBXNativeTarget section */
		AF7E1EF12C458EBB00F3A3F5 /* GHFollowers */ = {
			isa = PBXNativeTarget;
			buildConfigurationList = AF7E1F062C458EBD00F3A3F5 /* Build configuration list for PBXNativeTarget "GHFollowers" */;
			buildPhases = (
				AF7E1EEE2C458EBB00F3A3F5 /* Sources */,
				AF7E1EEF2C458EBB00F3A3F5 /* Frameworks */,
				AF7E1EF02C458EBB00F3A3F5 /* Resources */,
			);
			buildRules = (
			);
			dependencies = (
			);
			name = GHFollowers;
			productName = GHFollowers;
			productReference = AF7E1EF22C458EBB00F3A3F5 /* GHFollowers.app */;
			productType = "com.apple.product-type.application";
		};
/* End PBXNativeTarget section */

/* Begin PBXProject section */
		AF7E1EEA2C458EBB00F3A3F5 /* Project object */ = {
			isa = PBXProject;
			attributes = {
				BuildIndependentTargetsInParallel = 1;
				LastSwiftUpdateCheck = 1540;
				LastUpgradeCheck = 1540;
				TargetAttributes = {
					AF7E1EF12C458EBB00F3A3F5 = {
						CreatedOnToolsVersion = 15.4;
					};
				};
			};
			buildConfigurationList = AF7E1EED2C458EBB00F3A3F5 /* Build configuration list for PBXProject "GHFollowers" */;
			compatibilityVersion = "Xcode 14.0";
			developmentRegion = en;
			hasScannedForEncodings = 0;
			knownRegions = (
				en,
				Base,
			);
			mainGroup = AF7E1EE92C458EBB00F3A3F5;
			productRefGroup = AF7E1EF32C458EBB00F3A3F5 /* Products */;
			projectDirPath = "";
			projectRoot = "";
			targets = (
				AF7E1EF12C458EBB00F3A3F5 /* GHFollowers */,
			);
		};
/* End PBXProject section */

/* Begin PBXResourcesBuildPhase section */
		AF7E1EF02C458EBB00F3A3F5 /* Resources */ = {
			isa = PBXResourcesBuildPhase;
			buildActionMask = 2147483647;
			files = (
				AF7E1EFF2C458EBD00F3A3F5 /* Assets.xcassets in Resources */,
				AF7E1F022C458EBD00F3A3F5 /* Base in Resources */,
			);
			runOnlyForDeploymentPostprocessing = 0;
		};
/* End PBXResourcesBuildPhase section */

/* Begin PBXSourcesBuildPhase section */
		AF7E1EEE2C458EBB00F3A3F5 /* Sources */ = {
			isa = PBXSourcesBuildPhase;
			buildActionMask = 2147483647;
			files = (
				AF7E1F262C481FE200F3A3F5 /* User.swift in Sources */,
				AF7E1F182C480E7200F3A3F5 /* GFAlertViewController.swift in Sources */,
				AF7E1F102C46CD2E00F3A3F5 /* GFTextField.swift in Sources */,
				AF7E1F0C2C4623C600F3A3F5 /* FavoriteListVC.swift in Sources */,
				AF7E1F1C2C48148100F3A3F5 /* UIViewController+Ext.swift in Sources */,
				AF7E1F0E2C46CA8400F3A3F5 /* GFButton.swift in Sources */,
				AF7E1F2E2C48392700F3A3F5 /* Configuration.swift in Sources */,
				AF7E1F0A2C4623A200F3A3F5 /* SearchVC.swift in Sources */,
				AF7E1F142C480C3400F3A3F5 /* GFTitleLabel.swift in Sources */,
				AF7E1F242C481F2200F3A3F5 /* Follower.swift in Sources */,
				AF7E1F122C46DDED00F3A3F5 /* FollowerListVC.swift in Sources */,
				AF7E1F292C48241C00F3A3F5 /* NetworkManager.swift in Sources */,
				AF7E1F162C480D8100F3A3F5 /* GFBodyLabel.swift in Sources */,
				AF7E1EF62C458EBB00F3A3F5 /* AppDelegate.swift in Sources */,
				AF7E1EF82C458EBB00F3A3F5 /* SceneDelegate.swift in Sources */,
			);
			runOnlyForDeploymentPostprocessing = 0;
		};
/* End PBXSourcesBuildPhase section */

/* Begin PBXVariantGroup section */
		AF7E1F002C458EBD00F3A3F5 /* LaunchScreen.storyboard */ = {
			isa = PBXVariantGroup;
			children = (
				AF7E1F012C458EBD00F3A3F5 /* Base */,
			);
			name = LaunchScreen.storyboard;
			sourceTree = "<group>";
		};
/* End PBXVariantGroup section */

/* Begin XCBuildConfiguration section */
		AF7E1F042C458EBD00F3A3F5 /* Debug */ = {
			isa = XCBuildConfiguration;
			buildSettings = {
				ALWAYS_SEARCH_USER_PATHS = NO;
				ASSETCATALOG_COMPILER_GENERATE_SWIFT_ASSET_SYMBOL_EXTENSIONS = YES;
				CLANG_ANALYZER_NONNULL = YES;
				CLANG_ANALYZER_NUMBER_OBJECT_CONVERSION = YES_AGGRESSIVE;
				CLANG_CXX_LANGUAGE_STANDARD = "gnu++20";
				CLANG_ENABLE_MODULES = YES;
				CLANG_ENABLE_OBJC_ARC = YES;
				CLANG_ENABLE_OBJC_WEAK = YES;
				CLANG_WARN_BLOCK_CAPTURE_AUTORELEASING = YES;
				CLANG_WARN_BOOL_CONVERSION = YES;
				CLANG_WARN_COMMA = YES;
				CLANG_WARN_CONSTANT_CONVERSION = YES;
				CLANG_WARN_DEPRECATED_OBJC_IMPLEMENTATIONS = YES;
				CLANG_WARN_DIRECT_OBJC_ISA_USAGE = YES_ERROR;
				CLANG_WARN_DOCUMENTATION_COMMENTS = YES;
				CLANG_WARN_EMPTY_BODY = YES;
				CLANG_WARN_ENUM_CONVERSION = YES;
				CLANG_WARN_INFINITE_RECURSION = YES;
				CLANG_WARN_INT_CONVERSION = YES;
				CLANG_WARN_NON_LITERAL_NULL_CONVERSION = YES;
				CLANG_WARN_OBJC_IMPLICIT_RETAIN_SELF = YES;
				CLANG_WARN_OBJC_LITERAL_CONVERSION = YES;
				CLANG_WARN_OBJC_ROOT_CLASS = YES_ERROR;
				CLANG_WARN_QUOTED_INCLUDE_IN_FRAMEWORK_HEADER = YES;
				CLANG_WARN_RANGE_LOOP_ANALYSIS = YES;
				CLANG_WARN_STRICT_PROTOTYPES = YES;
				CLANG_WARN_SUSPICIOUS_MOVE = YES;
				CLANG_WARN_UNGUARDED_AVAILABILITY = YES_AGGRESSIVE;
				CLANG_WARN_UNREACHABLE_CODE = YES;
				CLANG_WARN__DUPLICATE_METHOD_MATCH = YES;
				COPY_PHASE_STRIP = NO;
				DEBUG_INFORMATION_FORMAT = dwarf;
				ENABLE_STRICT_OBJC_MSGSEND = YES;
				ENABLE_TESTABILITY = YES;
				ENABLE_USER_SCRIPT_SANDBOXING = YES;
				GCC_C_LANGUAGE_STANDARD = gnu17;
				GCC_DYNAMIC_NO_PIC = NO;
				GCC_NO_COMMON_BLOCKS = YES;
				GCC_OPTIMIZATION_LEVEL = 0;
				GCC_PREPROCESSOR_DEFINITIONS = (
					"DEBUG=1",
					"$(inherited)",
				);
				GCC_WARN_64_TO_32_BIT_CONVERSION = YES;
				GCC_WARN_ABOUT_RETURN_TYPE = YES_ERROR;
				GCC_WARN_UNDECLARED_SELECTOR = YES;
				GCC_WARN_UNINITIALIZED_AUTOS = YES_AGGRESSIVE;
				GCC_WARN_UNUSED_FUNCTION = YES;
				GCC_WARN_UNUSED_VARIABLE = YES;
				IPHONEOS_DEPLOYMENT_TARGET = 17.5;
				LOCALIZATION_PREFERS_STRING_CATALOGS = YES;
				MTL_ENABLE_DEBUG_INFO = INCLUDE_SOURCE;
				MTL_FAST_MATH = YES;
				ONLY_ACTIVE_ARCH = YES;
				SDKROOT = iphoneos;
				SWIFT_ACTIVE_COMPILATION_CONDITIONS = "DEBUG $(inherited)";
				SWIFT_OPTIMIZATION_LEVEL = "-Onone";
			};
			name = Debug;
		};
		AF7E1F052C458EBD00F3A3F5 /* Release */ = {
			isa = XCBuildConfiguration;
			buildSettings = {
				ALWAYS_SEARCH_USER_PATHS = NO;
				ASSETCATALOG_COMPILER_GENERATE_SWIFT_ASSET_SYMBOL_EXTENSIONS = YES;
				CLANG_ANALYZER_NONNULL = YES;
				CLANG_ANALYZER_NUMBER_OBJECT_CONVERSION = YES_AGGRESSIVE;
				CLANG_CXX_LANGUAGE_STANDARD = "gnu++20";
				CLANG_ENABLE_MODULES = YES;
				CLANG_ENABLE_OBJC_ARC = YES;
				CLANG_ENABLE_OBJC_WEAK = YES;
				CLANG_WARN_BLOCK_CAPTURE_AUTORELEASING = YES;
				CLANG_WARN_BOOL_CONVERSION = YES;
				CLANG_WARN_COMMA = YES;
				CLANG_WARN_CONSTANT_CONVERSION = YES;
				CLANG_WARN_DEPRECATED_OBJC_IMPLEMENTATIONS = YES;
				CLANG_WARN_DIRECT_OBJC_ISA_USAGE = YES_ERROR;
				CLANG_WARN_DOCUMENTATION_COMMENTS = YES;
				CLANG_WARN_EMPTY_BODY = YES;
				CLANG_WARN_ENUM_CONVERSION = YES;
				CLANG_WARN_INFINITE_RECURSION = YES;
				CLANG_WARN_INT_CONVERSION = YES;
				CLANG_WARN_NON_LITERAL_NULL_CONVERSION = YES;
				CLANG_WARN_OBJC_IMPLICIT_RETAIN_SELF = YES;
				CLANG_WARN_OBJC_LITERAL_CONVERSION = YES;
				CLANG_WARN_OBJC_ROOT_CLASS = YES_ERROR;
				CLANG_WARN_QUOTED_INCLUDE_IN_FRAMEWORK_HEADER = YES;
				CLANG_WARN_RANGE_LOOP_ANALYSIS = YES;
				CLANG_WARN_STRICT_PROTOTYPES = YES;
				CLANG_WARN_SUSPICIOUS_MOVE = YES;
				CLANG_WARN_UNGUARDED_AVAILABILITY = YES_AGGRESSIVE;
				CLANG_WARN_UNREACHABLE_CODE = YES;
				CLANG_WARN__DUPLICATE_METHOD_MATCH = YES;
				COPY_PHASE_STRIP = NO;
				DEBUG_INFORMATION_FORMAT = "dwarf-with-dsym";
				ENABLE_NS_ASSERTIONS = NO;
				ENABLE_STRICT_OBJC_MSGSEND = YES;
				ENABLE_USER_SCRIPT_SANDBOXING = YES;
				GCC_C_LANGUAGE_STANDARD = gnu17;
				GCC_NO_COMMON_BLOCKS = YES;
				GCC_WARN_64_TO_32_BIT_CONVERSION = YES;
				GCC_WARN_ABOUT_RETURN_TYPE = YES_ERROR;
				GCC_WARN_UNDECLARED_SELECTOR = YES;
				GCC_WARN_UNINITIALIZED_AUTOS = YES_AGGRESSIVE;
				GCC_WARN_UNUSED_FUNCTION = YES;
				GCC_WARN_UNUSED_VARIABLE = YES;
				IPHONEOS_DEPLOYMENT_TARGET = 17.5;
				LOCALIZATION_PREFERS_STRING_CATALOGS = YES;
				MTL_ENABLE_DEBUG_INFO = NO;
				MTL_FAST_MATH = YES;
				SDKROOT = iphoneos;
				SWIFT_COMPILATION_MODE = wholemodule;
				VALIDATE_PRODUCT = YES;
			};
			name = Release;
		};
		AF7E1F072C458EBD00F3A3F5 /* Debug */ = {
			isa = XCBuildConfiguration;
			baseConfigurationReference = AF7E1F2C2C48383E00F3A3F5 /* Config.xcconfig */;
			buildSettings = {
				ASSETCATALOG_COMPILER_APPICON_NAME = AppIcon;
				ASSETCATALOG_COMPILER_GLOBAL_ACCENT_COLOR_NAME = AccentColor;
				CODE_SIGN_STYLE = Automatic;
				CURRENT_PROJECT_VERSION = 1;
				DEVELOPMENT_TEAM = 6736LJQ283;
				GENERATE_INFOPLIST_FILE = YES;
				INFOPLIST_FILE = GHFollowers/Info.plist;
				INFOPLIST_KEY_UIApplicationSupportsIndirectInputEvents = YES;
				INFOPLIST_KEY_UILaunchStoryboardName = LaunchScreen;
				INFOPLIST_KEY_UISupportedInterfaceOrientations = UIInterfaceOrientationPortrait;
				INFOPLIST_KEY_UISupportedInterfaceOrientations_iPad = "UIInterfaceOrientationLandscapeLeft UIInterfaceOrientationLandscapeRight UIInterfaceOrientationPortrait UIInterfaceOrientationPortraitUpsideDown";
				LD_RUNPATH_SEARCH_PATHS = (
					"$(inherited)",
					"@executable_path/Frameworks",
				);
				MARKETING_VERSION = 1.0;
				PRODUCT_BUNDLE_IDENTIFIER = org.1a06e366a2d91fdb.GHFollowers;
				PRODUCT_NAME = "$(TARGET_NAME)";
				SUPPORTED_PLATFORMS = "iphoneos iphonesimulator";
				SUPPORTS_MACCATALYST = NO;
				SWIFT_EMIT_LOC_STRINGS = YES;
				SWIFT_VERSION = 5.0;
				TARGETED_DEVICE_FAMILY = 1;
			};
			name = Debug;
		};
		AF7E1F082C458EBD00F3A3F5 /* Release */ = {
			isa = XCBuildConfiguration;
			baseConfigurationReference = AF7E1F2C2C48383E00F3A3F5 /* Config.xcconfig */;
			buildSettings = {
				ASSETCATALOG_COMPILER_APPICON_NAME = AppIcon;
				ASSETCATALOG_COMPILER_GLOBAL_ACCENT_COLOR_NAME = AccentColor;
				CODE_SIGN_STYLE = Automatic;
				CURRENT_PROJECT_VERSION = 1;
				DEVELOPMENT_TEAM = 6736LJQ283;
				GENERATE_INFOPLIST_FILE = YES;
				INFOPLIST_FILE = GHFollowers/Info.plist;
				INFOPLIST_KEY_UIApplicationSupportsIndirectInputEvents = YES;
				INFOPLIST_KEY_UILaunchStoryboardName = LaunchScreen;
				INFOPLIST_KEY_UISupportedInterfaceOrientations = UIInterfaceOrientationPortrait;
				INFOPLIST_KEY_UISupportedInterfaceOrientations_iPad = "UIInterfaceOrientationLandscapeLeft UIInterfaceOrientationLandscapeRight UIInterfaceOrientationPortrait UIInterfaceOrientationPortraitUpsideDown";
				LD_RUNPATH_SEARCH_PATHS = (
					"$(inherited)",
					"@executable_path/Frameworks",
				);
				MARKETING_VERSION = 1.0;
				PRODUCT_BUNDLE_IDENTIFIER = org.1a06e366a2d91fdb.GHFollowers;
				PRODUCT_NAME = "$(TARGET_NAME)";
				SUPPORTED_PLATFORMS = "iphoneos iphonesimulator";
				SUPPORTS_MACCATALYST = NO;
				SWIFT_EMIT_LOC_STRINGS = YES;
				SWIFT_VERSION = 5.0;
				TARGETED_DEVICE_FAMILY = 1;
			};
			name = Release;
		};
/* End XCBuildConfiguration section */

/* Begin XCConfigurationList section */
		AF7E1EED2C458EBB00F3A3F5 /* Build configuration list for PBXProject "GHFollowers" */ = {
			isa = XCConfigurationList;
			buildConfigurations = (
				AF7E1F042C458EBD00F3A3F5 /* Debug */,
				AF7E1F052C458EBD00F3A3F5 /* Release */,
			);
			defaultConfigurationIsVisible = 0;
			defaultConfigurationName = Release;
		};
		AF7E1F062C458EBD00F3A3F5 /* Build configuration list for PBXNativeTarget "GHFollowers" */ = {
			isa = XCConfigurationList;
			buildConfigurations = (
				AF7E1F072C458EBD00F3A3F5 /* Debug */,
				AF7E1F082C458EBD00F3A3F5 /* Release */,
			);
			defaultConfigurationIsVisible = 0;
			defaultConfigurationName = Release;
		};
/* End XCConfigurationList section */
	};
	rootObject = AF7E1EEA2C458EBB00F3A3F5 /* Project object */;
}
